
Microsoft Visual Studio Solution File, Format Version 12.00
# Visual Studio Version 16
VisualStudioVersion = 16.0.30717.126
MinimumVisualStudioVersion = 10.0.40219.1
Project("{FAE04EC0-301F-11D3-BF4B-00C04F79EFBC}") = "Code", "Code\Code.csproj", "{43F754B4-B4C9-46E6-AEC4-AD3F76DA1C79}"
EndProject
Project("{FAE04EC0-301F-11D3-BF4B-00C04F79EFBC}") = "Website", "Website\Website.csproj", "{04318790-03DC-4AB6-A786-9567AEBEA70C}"
EndProject
Global
	GlobalSection(SolutionConfigurationPlatforms) = preSolution
		Debug|Any CPU = Debug|Any CPU
		Release|Any CPU = Release|Any CPU
	EndGlobalSection
	GlobalSection(ProjectConfigurationPlatforms) = postSolution
		{43F754B4-B4C9-46E6-AEC4-AD3F76DA1C79}.Debug|Any CPU.ActiveCfg = Debug|Any CPU
		{43F754B4-B4C9-46E6-AEC4-AD3F76DA1C79}.Debug|Any CPU.Build.0 = Debug|Any CPU
		{43F754B4-B4C9-46E6-AEC4-AD3F76DA1C79}.Release|Any CPU.ActiveCfg = Release|Any CPU
		{43F754B4-B4C9-46E6-AEC4-AD3F76DA1C79}.Release|Any CPU.Build.0 = Release|Any CPU
		{04318790-03DC-4AB6-A786-9567AEBEA70C}.Debug|Any CPU.ActiveCfg = Debug|Any CPU
		{04318790-03DC-4AB6-A786-9567AEBEA70C}.Debug|Any CPU.Build.0 = Debug|Any CPU
		{04318790-03DC-4AB6-A786-9567AEBEA70C}.Release|Any CPU.ActiveCfg = Release|Any CPU
		{04318790-03DC-4AB6-A786-9567AEBEA70C}.Release|Any CPU.Build.0 = Release|Any CPU
	EndGlobalSection
	GlobalSection(SolutionProperties) = preSolution
		HideSolutionNode = FALSE
	EndGlobalSection
	GlobalSection(ExtensibilityGlobals) = postSolution
		SolutionGuid = {46DF72EB-18E1-4D56-9E83-0ECB35BFF82C}
	EndGlobalSection
EndGlobal
